// !$*UTF8*$!
{
	archiveVersion = 1;
	classes = {
	};
	objectVersion = 50;
	objects = {

/* Begin PBXBuildFile section */
		C02075692580890B007C5425 /* AppDelegate.swift in Sources */ = {isa = PBXBuildFile; fileRef = C02075682580890B007C5425 /* AppDelegate.swift */; };
		C020756B2580890B007C5425 /* SceneDelegate.swift in Sources */ = {isa = PBXBuildFile; fileRef = C020756A2580890B007C5425 /* SceneDelegate.swift */; };
		C020756D2580890B007C5425 /* ViewController.swift in Sources */ = {isa = PBXBuildFile; fileRef = C020756C2580890B007C5425 /* ViewController.swift */; };
		C02075702580890B007C5425 /* Main.storyboard in Resources */ = {isa = PBXBuildFile; fileRef = C020756E2580890B007C5425 /* Main.storyboard */; };
		C02075722580890B007C5425 /* Assets.xcassets in Resources */ = {isa = PBXBuildFile; fileRef = C02075712580890B007C5425 /* Assets.xcassets */; };
		C02075752580890B007C5425 /* LaunchScreen.storyboard in Resources */ = {isa = PBXBuildFile; fileRef = C02075732580890B007C5425 /* LaunchScreen.storyboard */; };
		C02075802580890B007C5425 /* weatherAppTests.swift in Sources */ = {isa = PBXBuildFile; fileRef = C020757F2580890B007C5425 /* weatherAppTests.swift */; };
		C020758B2580890B007C5425 /* weatherAppUITests.swift in Sources */ = {isa = PBXBuildFile; fileRef = C020758A2580890B007C5425 /* weatherAppUITests.swift */; };
		C04AC38B2581731100DE6742 /* WeatherData.swift in Sources */ = {isa = PBXBuildFile; fileRef = C04AC38A2581731100DE6742 /* WeatherData.swift */; };
		C082C3AD25815EF4001B15A8 /* WeatherManager.swift in Sources */ = {isa = PBXBuildFile; fileRef = C082C3AC25815EF4001B15A8 /* WeatherManager.swift */; };
		C0FD819D2582B684004B2751 /* WeatherModel.swift in Sources */ = {isa = PBXBuildFile; fileRef = C0FD819C2582B684004B2751 /* WeatherModel.swift */; };
/* End PBXBuildFile section */

/* Begin PBXContainerItemProxy section */
		C020757C2580890B007C5425 /* PBXContainerItemProxy */ = {
			isa = PBXContainerItemProxy;
			containerPortal = C020755D2580890B007C5425 /* Project object */;
			proxyType = 1;
			remoteGlobalIDString = C02075642580890B007C5425;
			remoteInfo = weatherApp;
		};
		C02075872580890B007C5425 /* PBXContainerItemProxy */ = {
			isa = PBXContainerItemProxy;
			containerPortal = C020755D2580890B007C5425 /* Project object */;
			proxyType = 1;
			remoteGlobalIDString = C02075642580890B007C5425;
			remoteInfo = weatherApp;
		};
/* End PBXContainerItemProxy section */

/* Begin PBXFileReference section */
		C02075652580890B007C5425 /* weatherApp.app */ = {isa = PBXFileReference; explicitFileType = wrapper.application; includeInIndex = 0; path = weatherApp.app; sourceTree = BUILT_PRODUCTS_DIR; };
		C02075682580890B007C5425 /* AppDelegate.swift */ = {isa = PBXFileReference; lastKnownFileType = sourcecode.swift; path = AppDelegate.swift; sourceTree = "<group>"; };
		C020756A2580890B007C5425 /* SceneDelegate.swift */ = {isa = PBXFileReference; lastKnownFileType = sourcecode.swift; path = SceneDelegate.swift; sourceTree = "<group>"; };
		C020756C2580890B007C5425 /* ViewController.swift */ = {isa = PBXFileReference; lastKnownFileType = sourcecode.swift; path = ViewController.swift; sourceTree = "<group>"; };
		C020756F2580890B007C5425 /* Base */ = {isa = PBXFileReference; lastKnownFileType = file.storyboard; name = Base; path = Base.lproj/Main.storyboard; sourceTree = "<group>"; };
		C02075712580890B007C5425 /* Assets.xcassets */ = {isa = PBXFileReference; lastKnownFileType = folder.assetcatalog; path = Assets.xcassets; sourceTree = "<group>"; };
		C02075742580890B007C5425 /* Base */ = {isa = PBXFileReference; lastKnownFileType = file.storyboard; name = Base; path = Base.lproj/LaunchScreen.storyboard; sourceTree = "<group>"; };
		C02075762580890B007C5425 /* Info.plist */ = {isa = PBXFileReference; lastKnownFileType = text.plist.xml; path = Info.plist; sourceTree = "<group>"; };
		C020757B2580890B007C5425 /* weatherAppTests.xctest */ = {isa = PBXFileReference; explicitFileType = wrapper.cfbundle; includeInIndex = 0; path = weatherAppTests.xctest; sourceTree = BUILT_PRODUCTS_DIR; };
		C020757F2580890B007C5425 /* weatherAppTests.swift */ = {isa = PBXFileReference; lastKnownFileType = sourcecode.swift; path = weatherAppTests.swift; sourceTree = "<group>"; };
		C02075812580890B007C5425 /* Info.plist */ = {isa = PBXFileReference; lastKnownFileType = text.plist.xml; path = Info.plist; sourceTree = "<group>"; };
		C02075862580890B007C5425 /* weatherAppUITests.xctest */ = {isa = PBXFileReference; explicitFileType = wrapper.cfbundle; includeInIndex = 0; path = weatherAppUITests.xctest; sourceTree = BUILT_PRODUCTS_DIR; };
		C020758A2580890B007C5425 /* weatherAppUITests.swift */ = {isa = PBXFileReference; lastKnownFileType = sourcecode.swift; path = weatherAppUITests.swift; sourceTree = "<group>"; };
		C020758C2580890B007C5425 /* Info.plist */ = {isa = PBXFileReference; lastKnownFileType = text.plist.xml; path = Info.plist; sourceTree = "<group>"; };
		C04AC38A2581731100DE6742 /* WeatherData.swift */ = {isa = PBXFileReference; lastKnownFileType = sourcecode.swift; path = WeatherData.swift; sourceTree = "<group>"; };
		C082C3AC25815EF4001B15A8 /* WeatherManager.swift */ = {isa = PBXFileReference; lastKnownFileType = sourcecode.swift; path = WeatherManager.swift; sourceTree = "<group>"; };
		C0FD819C2582B684004B2751 /* WeatherModel.swift */ = {isa = PBXFileReference; lastKnownFileType = sourcecode.swift; path = WeatherModel.swift; sourceTree = "<group>"; };
/* End PBXFileReference section */

/* Begin PBXFrameworksBuildPhase section */
		C02075622580890B007C5425 /* Frameworks */ = {
			isa = PBXFrameworksBuildPhase;
			buildActionMask = 2147483647;
			files = (
			);
			runOnlyForDeploymentPostprocessing = 0;
		};
		C02075782580890B007C5425 /* Frameworks */ = {
			isa = PBXFrameworksBuildPhase;
			buildActionMask = 2147483647;
			files = (
			);
			runOnlyForDeploymentPostprocessing = 0;
		};
		C02075832580890B007C5425 /* Frameworks */ = {
			isa = PBXFrameworksBuildPhase;
			buildActionMask = 2147483647;
			files = (
			);
			runOnlyForDeploymentPostprocessing = 0;
		};
/* End PBXFrameworksBuildPhase section */

/* Begin PBXGroup section */
		C020755C2580890B007C5425 = {
			isa = PBXGroup;
			children = (
				C02075672580890B007C5425 /* weatherApp */,
				C020757E2580890B007C5425 /* weatherAppTests */,
				C02075892580890B007C5425 /* weatherAppUITests */,
				C02075662580890B007C5425 /* Products */,
			);
			sourceTree = "<group>";
		};
		C02075662580890B007C5425 /* Products */ = {
			isa = PBXGroup;
			children = (
				C02075652580890B007C5425 /* weatherApp.app */,
				C020757B2580890B007C5425 /* weatherAppTests.xctest */,
				C02075862580890B007C5425 /* weatherAppUITests.xctest */,
			);
			name = Products;
			sourceTree = "<group>";
		};
		C02075672580890B007C5425 /* weatherApp */ = {
			isa = PBXGroup;
			children = (
				C02075682580890B007C5425 /* AppDelegate.swift */,
				C020756A2580890B007C5425 /* SceneDelegate.swift */,
				C07C454D25830798002173AF /* Controller */,
				C082C3B125815EFA001B15A8 /* Model */,
				C07C454E258307AA002173AF /* View */,
				C02075712580890B007C5425 /* Assets.xcassets */,
				C02075732580890B007C5425 /* LaunchScreen.storyboard */,
				C02075762580890B007C5425 /* Info.plist */,
			);
			path = weatherApp;
			sourceTree = "<group>";
		};
		C020757E2580890B007C5425 /* weatherAppTests */ = {
			isa = PBXGroup;
			children = (
				C020757F2580890B007C5425 /* weatherAppTests.swift */,
				C02075812580890B007C5425 /* Info.plist */,
			);
			path = weatherAppTests;
			sourceTree = "<group>";
		};
		C02075892580890B007C5425 /* weatherAppUITests */ = {
			isa = PBXGroup;
			children = (
				C020758A2580890B007C5425 /* weatherAppUITests.swift */,
				C020758C2580890B007C5425 /* Info.plist */,
			);
			path = weatherAppUITests;
			sourceTree = "<group>";
		};
		C07C454D25830798002173AF /* Controller */ = {
			isa = PBXGroup;
			children = (
				C020756C2580890B007C5425 /* ViewController.swift */,
			);
			path = Controller;
			sourceTree = "<group>";
		};
		C07C454E258307AA002173AF /* View */ = {
			isa = PBXGroup;
			children = (
				C020756E2580890B007C5425 /* Main.storyboard */,
			);
			path = View;
			sourceTree = "<group>";
		};
		C082C3B125815EFA001B15A8 /* Model */ = {
			isa = PBXGroup;
			children = (
				C082C3AC25815EF4001B15A8 /* WeatherManager.swift */,
				C0FD819C2582B684004B2751 /* WeatherModel.swift */,
				C04AC38A2581731100DE6742 /* WeatherData.swift */,
			);
			path = Model;
			sourceTree = "<group>";
		};
/* End PBXGroup section */

/* Begin PBXNativeTarget section */
		C02075642580890B007C5425 /* weatherApp */ = {
			isa = PBXNativeTarget;
			buildConfigurationList = C020758F2580890B007C5425 /* Build configuration list for PBXNativeTarget "weatherApp" */;
			buildPhases = (
				C02075612580890B007C5425 /* Sources */,
				C02075622580890B007C5425 /* Frameworks */,
				C02075632580890B007C5425 /* Resources */,
			);
			buildRules = (
			);
			dependencies = (
			);
			name = weatherApp;
			productName = weatherApp;
			productReference = C02075652580890B007C5425 /* weatherApp.app */;
			productType = "com.apple.product-type.application";
		};
		C020757A2580890B007C5425 /* weatherAppTests */ = {
			isa = PBXNativeTarget;
			buildConfigurationList = C02075922580890B007C5425 /* Build configuration list for PBXNativeTarget "weatherAppTests" */;
			buildPhases = (
				C02075772580890B007C5425 /* Sources */,
				C02075782580890B007C5425 /* Frameworks */,
				C02075792580890B007C5425 /* Resources */,
			);
			buildRules = (
			);
			dependencies = (
				C020757D2580890B007C5425 /* PBXTargetDependency */,
			);
			name = weatherAppTests;
			productName = weatherAppTests;
			productReference = C020757B2580890B007C5425 /* weatherAppTests.xctest */;
			productType = "com.apple.product-type.bundle.unit-test";
		};
		C02075852580890B007C5425 /* weatherAppUITests */ = {
			isa = PBXNativeTarget;
			buildConfigurationList = C02075952580890B007C5425 /* Build configuration list for PBXNativeTarget "weatherAppUITests" */;
			buildPhases = (
				C02075822580890B007C5425 /* Sources */,
				C02075832580890B007C5425 /* Frameworks */,
				C02075842580890B007C5425 /* Resources */,
			);
			buildRules = (
			);
			dependencies = (
				C02075882580890B007C5425 /* PBXTargetDependency */,
			);
			name = weatherAppUITests;
			productName = weatherAppUITests;
			productReference = C02075862580890B007C5425 /* weatherAppUITests.xctest */;
			productType = "com.apple.product-type.bundle.ui-testing";
		};
/* End PBXNativeTarget section */

/* Begin PBXProject section */
		C020755D2580890B007C5425 /* Project object */ = {
			isa = PBXProject;
			attributes = {
				LastSwiftUpdateCheck = 1210;
				LastUpgradeCheck = 1210;
				ORGANIZATIONNAME = Marie.Kallop;
				TargetAttributes = {
					C02075642580890B007C5425 = {
						CreatedOnToolsVersion = 12.1;
					};
					C020757A2580890B007C5425 = {
						CreatedOnToolsVersion = 12.1;
						TestTargetID = C02075642580890B007C5425;
					};
					C02075852580890B007C5425 = {
						CreatedOnToolsVersion = 12.1;
						TestTargetID = C02075642580890B007C5425;
					};
				};
			};
			buildConfigurationList = C02075602580890B007C5425 /* Build configuration list for PBXProject "weatherApp" */;
			compatibilityVersion = "Xcode 9.3";
			developmentRegion = en;
			hasScannedForEncodings = 0;
			knownRegions = (
				en,
				Base,
			);
			mainGroup = C020755C2580890B007C5425;
			productRefGroup = C02075662580890B007C5425 /* Products */;
			projectDirPath = "";
			projectRoot = "";
			targets = (
				C02075642580890B007C5425 /* weatherApp */,
				C020757A2580890B007C5425 /* weatherAppTests */,
				C02075852580890B007C5425 /* weatherAppUITests */,
			);
		};
/* End PBXProject section */

/* Begin PBXResourcesBuildPhase section */
		C02075632580890B007C5425 /* Resources */ = {
			isa = PBXResourcesBuildPhase;
			buildActionMask = 2147483647;
			files = (
				C02075752580890B007C5425 /* LaunchScreen.storyboard in Resources */,
				C02075722580890B007C5425 /* Assets.xcassets in Resources */,
				C02075702580890B007C5425 /* Main.storyboard in Resources */,
			);
			runOnlyForDeploymentPostprocessing = 0;
		};
		C02075792580890B007C5425 /* Resources */ = {
			isa = PBXResourcesBuildPhase;
			buildActionMask = 2147483647;
			files = (
			);
			runOnlyForDeploymentPostprocessing = 0;
		};
		C02075842580890B007C5425 /* Resources */ = {
			isa = PBXResourcesBuildPhase;
			buildActionMask = 2147483647;
			files = (
			);
			runOnlyForDeploymentPostprocessing = 0;
		};
/* End PBXResourcesBuildPhase section */

/* Begin PBXSourcesBuildPhase section */
		C02075612580890B007C5425 /* Sources */ = {
			isa = PBXSourcesBuildPhase;
			buildActionMask = 2147483647;
			files = (
				C020756D2580890B007C5425 /* ViewController.swift in Sources */,
				C04AC38B2581731100DE6742 /* WeatherData.swift in Sources */,
				C02075692580890B007C5425 /* AppDelegate.swift in Sources */,
				C082C3AD25815EF4001B15A8 /* WeatherManager.swift in Sources */,
				C0FD819D2582B684004B2751 /* WeatherModel.swift in Sources */,
				C020756B2580890B007C5425 /* SceneDelegate.swift in Sources */,
			);
			runOnlyForDeploymentPostprocessing = 0;
		};
		C02075772580890B007C5425 /* Sources */ = {
			isa = PBXSourcesBuildPhase;
			buildActionMask = 2147483647;
			files = (
				C02075802580890B007C5425 /* weatherAppTests.swift in Sources */,
			);
			runOnlyForDeploymentPostprocessing = 0;
		};
		C02075822580890B007C5425 /* Sources */ = {
			isa = PBXSourcesBuildPhase;
			buildActionMask = 2147483647;
			files = (
				C020758B2580890B007C5425 /* weatherAppUITests.swift in Sources */,
			);
			runOnlyForDeploymentPostprocessing = 0;
		};
/* End PBXSourcesBuildPhase section */

/* Begin PBXTargetDependency section */
		C020757D2580890B007C5425 /* PBXTargetDependency */ = {
			isa = PBXTargetDependency;
			target = C02075642580890B007C5425 /* weatherApp */;
			targetProxy = C020757C2580890B007C5425 /* PBXContainerItemProxy */;
		};
		C02075882580890B007C5425 /* PBXTargetDependency */ = {
			isa = PBXTargetDependency;
			target = C02075642580890B007C5425 /* weatherApp */;
			targetProxy = C02075872580890B007C5425 /* PBXContainerItemProxy */;
		};
/* End PBXTargetDependency section */

/* Begin PBXVariantGroup section */
		C020756E2580890B007C5425 /* Main.storyboard */ = {
			isa = PBXVariantGroup;
			children = (
				C020756F2580890B007C5425 /* Base */,
			);
			name = Main.storyboard;
			sourceTree = "<group>";
		};
		C02075732580890B007C5425 /* LaunchScreen.storyboard */ = {
			isa = PBXVariantGroup;
			children = (
				C02075742580890B007C5425 /* Base */,
			);
			name = LaunchScreen.storyboard;
			sourceTree = "<group>";
		};
/* End PBXVariantGroup section */

/* Begin XCBuildConfiguration section */
		C020758D2580890B007C5425 /* Debug */ = {
			isa = XCBuildConfiguration;
			buildSettings = {
				ALWAYS_SEARCH_USER_PATHS = NO;
				CLANG_ANALYZER_NONNULL = YES;
				CLANG_ANALYZER_NUMBER_OBJECT_CONVERSION = YES_AGGRESSIVE;
				CLANG_CXX_LANGUAGE_STANDARD = "gnu++14";
				CLANG_CXX_LIBRARY = "libc++";
				CLANG_ENABLE_MODULES = YES;
				CLANG_ENABLE_OBJC_ARC = YES;
				CLANG_ENABLE_OBJC_WEAK = YES;
				CLANG_WARN_BLOCK_CAPTURE_AUTORELEASING = YES;
				CLANG_WARN_BOOL_CONVERSION = YES;
				CLANG_WARN_COMMA = YES;
				CLANG_WARN_CONSTANT_CONVERSION = YES;
				CLANG_WARN_DEPRECATED_OBJC_IMPLEMENTATIONS = YES;
				CLANG_WARN_DIRECT_OBJC_ISA_USAGE = YES_ERROR;
				CLANG_WARN_DOCUMENTATION_COMMENTS = YES;
				CLANG_WARN_EMPTY_BODY = YES;
				CLANG_WARN_ENUM_CONVERSION = YES;
				CLANG_WARN_INFINITE_RECURSION = YES;
				CLANG_WARN_INT_CONVERSION = YES;
				CLANG_WARN_NON_LITERAL_NULL_CONVERSION = YES;
				CLANG_WARN_OBJC_IMPLICIT_RETAIN_SELF = YES;
				CLANG_WARN_OBJC_LITERAL_CONVERSION = YES;
				CLANG_WARN_OBJC_ROOT_CLASS = YES_ERROR;
				CLANG_WARN_QUOTED_INCLUDE_IN_FRAMEWORK_HEADER = YES;
				CLANG_WARN_RANGE_LOOP_ANALYSIS = YES;
				CLANG_WARN_STRICT_PROTOTYPES = YES;
				CLANG_WARN_SUSPICIOUS_MOVE = YES;
				CLANG_WARN_UNGUARDED_AVAILABILITY = YES_AGGRESSIVE;
				CLANG_WARN_UNREACHABLE_CODE = YES;
				CLANG_WARN__DUPLICATE_METHOD_MATCH = YES;
				COPY_PHASE_STRIP = NO;
				DEBUG_INFORMATION_FORMAT = dwarf;
				ENABLE_STRICT_OBJC_MSGSEND = YES;
				ENABLE_TESTABILITY = YES;
				GCC_C_LANGUAGE_STANDARD = gnu11;
				GCC_DYNAMIC_NO_PIC = NO;
				GCC_NO_COMMON_BLOCKS = YES;
				GCC_OPTIMIZATION_LEVEL = 0;
				GCC_PREPROCESSOR_DEFINITIONS = (
					"DEBUG=1",
					"$(inherited)",
				);
				GCC_WARN_64_TO_32_BIT_CONVERSION = YES;
				GCC_WARN_ABOUT_RETURN_TYPE = YES_ERROR;
				GCC_WARN_UNDECLARED_SELECTOR = YES;
				GCC_WARN_UNINITIALIZED_AUTOS = YES_AGGRESSIVE;
				GCC_WARN_UNUSED_FUNCTION = YES;
				GCC_WARN_UNUSED_VARIABLE = YES;
				IPHONEOS_DEPLOYMENT_TARGET = 14.1;
				MTL_ENABLE_DEBUG_INFO = INCLUDE_SOURCE;
				MTL_FAST_MATH = YES;
				ONLY_ACTIVE_ARCH = YES;
				SDKROOT = iphoneos;
				SWIFT_ACTIVE_COMPILATION_CONDITIONS = DEBUG;
				SWIFT_OPTIMIZATION_LEVEL = "-Onone";
			};
			name = Debug;
		};
		C020758E2580890B007C5425 /* Release */ = {
			isa = XCBuildConfiguration;
			buildSettings = {
				ALWAYS_SEARCH_USER_PATHS = NO;
				CLANG_ANALYZER_NONNULL = YES;
				CLANG_ANALYZER_NUMBER_OBJECT_CONVERSION = YES_AGGRESSIVE;
				CLANG_CXX_LANGUAGE_STANDARD = "gnu++14";
				CLANG_CXX_LIBRARY = "libc++";
				CLANG_ENABLE_MODULES = YES;
				CLANG_ENABLE_OBJC_ARC = YES;
				CLANG_ENABLE_OBJC_WEAK = YES;
				CLANG_WARN_BLOCK_CAPTURE_AUTORELEASING = YES;
				CLANG_WARN_BOOL_CONVERSION = YES;
				CLANG_WARN_COMMA = YES;
				CLANG_WARN_CONSTANT_CONVERSION = YES;
				CLANG_WARN_DEPRECATED_OBJC_IMPLEMENTATIONS = YES;
				CLANG_WARN_DIRECT_OBJC_ISA_USAGE = YES_ERROR;
				CLANG_WARN_DOCUMENTATION_COMMENTS = YES;
				CLANG_WARN_EMPTY_BODY = YES;
				CLANG_WARN_ENUM_CONVERSION = YES;
				CLANG_WARN_INFINITE_RECURSION = YES;
				CLANG_WARN_INT_CONVERSION = YES;
				CLANG_WARN_NON_LITERAL_NULL_CONVERSION = YES;
				CLANG_WARN_OBJC_IMPLICIT_RETAIN_SELF = YES;
				CLANG_WARN_OBJC_LITERAL_CONVERSION = YES;
				CLANG_WARN_OBJC_ROOT_CLASS = YES_ERROR;
				CLANG_WARN_QUOTED_INCLUDE_IN_FRAMEWORK_HEADER = YES;
				CLANG_WARN_RANGE_LOOP_ANALYSIS = YES;
				CLANG_WARN_STRICT_PROTOTYPES = YES;
				CLANG_WARN_SUSPICIOUS_MOVE = YES;
				CLANG_WARN_UNGUARDED_AVAILABILITY = YES_AGGRESSIVE;
				CLANG_WARN_UNREACHABLE_CODE = YES;
				CLANG_WARN__DUPLICATE_METHOD_MATCH = YES;
				COPY_PHASE_STRIP = NO;
				DEBUG_INFORMATION_FORMAT = "dwarf-with-dsym";
				ENABLE_NS_ASSERTIONS = NO;
				ENABLE_STRICT_OBJC_MSGSEND = YES;
				GCC_C_LANGUAGE_STANDARD = gnu11;
				GCC_NO_COMMON_BLOCKS = YES;
				GCC_WARN_64_TO_32_BIT_CONVERSION = YES;
				GCC_WARN_ABOUT_RETURN_TYPE = YES_ERROR;
				GCC_WARN_UNDECLARED_SELECTOR = YES;
				GCC_WARN_UNINITIALIZED_AUTOS = YES_AGGRESSIVE;
				GCC_WARN_UNUSED_FUNCTION = YES;
				GCC_WARN_UNUSED_VARIABLE = YES;
				IPHONEOS_DEPLOYMENT_TARGET = 14.1;
				MTL_ENABLE_DEBUG_INFO = NO;
				MTL_FAST_MATH = YES;
				SDKROOT = iphoneos;
				SWIFT_COMPILATION_MODE = wholemodule;
				SWIFT_OPTIMIZATION_LEVEL = "-O";
				VALIDATE_PRODUCT = YES;
			};
			name = Release;
		};
		C02075902580890B007C5425 /* Debug */ = {
			isa = XCBuildConfiguration;
			buildSettings = {
				ASSETCATALOG_COMPILER_APPICON_NAME = AppIcon;
				ASSETCATALOG_COMPILER_GLOBAL_ACCENT_COLOR_NAME = AccentColor;
				CODE_SIGN_STYLE = Automatic;
				INFOPLIST_FILE = weatherApp/Info.plist;
				LD_RUNPATH_SEARCH_PATHS = (
					"$(inherited)",
					"@executable_path/Frameworks",
				);
				PRODUCT_BUNDLE_IDENTIFIER = Marie.Kallop.weatherApp;
				PRODUCT_NAME = "$(TARGET_NAME)";
				SWIFT_VERSION = 5.0;
				TARGETED_DEVICE_FAMILY = "1,2";
			};
			name = Debug;
		};
		C02075912580890B007C5425 /* Release */ = {
			isa = XCBuildConfiguration;
			buildSettings = {
				ASSETCATALOG_COMPILER_APPICON_NAME = AppIcon;
				ASSETCATALOG_COMPILER_GLOBAL_ACCENT_COLOR_NAME = AccentColor;
				CODE_SIGN_STYLE = Automatic;
				INFOPLIST_FILE = weatherApp/Info.plist;
				LD_RUNPATH_SEARCH_PATHS = (
					"$(inherited)",
					"@executable_path/Frameworks",
				);
				PRODUCT_BUNDLE_IDENTIFIER = Marie.Kallop.weatherApp;
				PRODUCT_NAME = "$(TARGET_NAME)";
				SWIFT_VERSION = 5.0;
				TARGETED_DEVICE_FAMILY = "1,2";
			};
			name = Release;
		};
		C02075932580890B007C5425 /* Debug */ = {
			isa = XCBuildConfiguration;
			buildSettings = {
				ALWAYS_EMBED_SWIFT_STANDARD_LIBRARIES = YES;
				BUNDLE_LOADER = "$(TEST_HOST)";
				CODE_SIGN_STYLE = Automatic;
				INFOPLIST_FILE = weatherAppTests/Info.plist;
				IPHONEOS_DEPLOYMENT_TARGET = 14.1;
				LD_RUNPATH_SEARCH_PATHS = (
					"$(inherited)",
					"@executable_path/Frameworks",
					"@loader_path/Frameworks",
				);
				PRODUCT_BUNDLE_IDENTIFIER = Marie.Kallop.weatherAppTests;
				PRODUCT_NAME = "$(TARGET_NAME)";
				SWIFT_VERSION = 5.0;
				TARGETED_DEVICE_FAMILY = "1,2";
				TEST_HOST = "$(BUILT_PRODUCTS_DIR)/weatherApp.app/weatherApp";
			};
			name = Debug;
		};
		C02075942580890B007C5425 /* Release */ = {
			isa = XCBuildConfiguration;
			buildSettings = {
				ALWAYS_EMBED_SWIFT_STANDARD_LIBRARIES = YES;
				BUNDLE_LOADER = "$(TEST_HOST)";
				CODE_SIGN_STYLE = Automatic;
				INFOPLIST_FILE = weatherAppTests/Info.plist;
				IPHONEOS_DEPLOYMENT_TARGET = 14.1;
				LD_RUNPATH_SEARCH_PATHS = (
					"$(inherited)",
					"@executable_path/Frameworks",
					"@loader_path/Frameworks",
				);
				PRODUCT_BUNDLE_IDENTIFIER = Marie.Kallop.weatherAppTests;
				PRODUCT_NAME = "$(TARGET_NAME)";
				SWIFT_VERSION = 5.0;
				TARGETED_DEVICE_FAMILY = "1,2";
				TEST_HOST = "$(BUILT_PRODUCTS_DIR)/weatherApp.app/weatherApp";
			};
			name = Release;
		};
		C02075962580890B007C5425 /* Debug */ = {
			isa = XCBuildConfiguration;
			buildSettings = {
				ALWAYS_EMBED_SWIFT_STANDARD_LIBRARIES = YES;
				CODE_SIGN_STYLE = Automatic;
				INFOPLIST_FILE = weatherAppUITests/Info.plist;
				LD_RUNPATH_SEARCH_PATHS = (
					"$(inherited)",
					"@executable_path/Frameworks",
					"@loader_path/Frameworks",
				);
				PRODUCT_BUNDLE_IDENTIFIER = Marie.Kallop.weatherAppUITests;
				PRODUCT_NAME = "$(TARGET_NAME)";
				SWIFT_VERSION = 5.0;
				TARGETED_DEVICE_FAMILY = "1,2";
				TEST_TARGET_NAME = weatherApp;
			};
			name = Debug;
		};
		C02075972580890B007C5425 /* Release */ = {
			isa = XCBuildConfiguration;
			buildSettings = {
				ALWAYS_EMBED_SWIFT_STANDARD_LIBRARIES = YES;
				CODE_SIGN_STYLE = Automatic;
				INFOPLIST_FILE = weatherAppUITests/Info.plist;
				LD_RUNPATH_SEARCH_PATHS = (
					"$(inherited)",
					"@executable_path/Frameworks",
					"@loader_path/Frameworks",
				);
				PRODUCT_BUNDLE_IDENTIFIER = Marie.Kallop.weatherAppUITests;
				PRODUCT_NAME = "$(TARGET_NAME)";
				SWIFT_VERSION = 5.0;
				TARGETED_DEVICE_FAMILY = "1,2";
				TEST_TARGET_NAME = weatherApp;
			};
			name = Release;
		};
/* End XCBuildConfiguration section */

/* Begin XCConfigurationList section */
		C02075602580890B007C5425 /* Build configuration list for PBXProject "weatherApp" */ = {
			isa = XCConfigurationList;
			buildConfigurations = (
				C020758D2580890B007C5425 /* Debug */,
				C020758E2580890B007C5425 /* Release */,
			);
			defaultConfigurationIsVisible = 0;
			defaultConfigurationName = Release;
		};
		C020758F2580890B007C5425 /* Build configuration list for PBXNativeTarget "weatherApp" */ = {
			isa = XCConfigurationList;
			buildConfigurations = (
				C02075902580890B007C5425 /* Debug */,
				C02075912580890B007C5425 /* Release */,
			);
			defaultConfigurationIsVisible = 0;
			defaultConfigurationName = Release;
		};
		C02075922580890B007C5425 /* Build configuration list for PBXNativeTarget "weatherAppTests" */ = {
			isa = XCConfigurationList;
			buildConfigurations = (
				C02075932580890B007C5425 /* Debug */,
				C02075942580890B007C5425 /* Release */,
			);
			defaultConfigurationIsVisible = 0;
			defaultConfigurationName = Release;
		};
		C02075952580890B007C5425 /* Build configuration list for PBXNativeTarget "weatherAppUITests" */ = {
			isa = XCConfigurationList;
			buildConfigurations = (
				C02075962580890B007C5425 /* Debug */,
				C02075972580890B007C5425 /* Release */,
			);
			defaultConfigurationIsVisible = 0;
			defaultConfigurationName = Release;
		};
/* End XCConfigurationList section */
	};
	rootObject = C020755D2580890B007C5425 /* Project object */;
}
